
Microsoft Visual Studio Solution File, Format Version 12.00
# Visual Studio Version 17
VisualStudioVersion = 17.9.34723.18
MinimumVisualStudioVersion = 10.0.40219.1
Project("{9A19103F-16F7-4668-BE54-9A1E7A4F7556}") = "Makeup.Web", "Makeup.Web.csproj", "{A259999A-DE1D-453E-AC14-E559B6184856}"
EndProject
Project("{9A19103F-16F7-4668-BE54-9A1E7A4F7556}") = "Makeup.Entities", "..\Makeup.Entities\Makeup.Entities.csproj", "{27EADFCD-47FB-4695-8D76-C047330BA386}"
EndProject
Project("{9A19103F-16F7-4668-BE54-9A1E7A4F7556}") = "Makeup.Data", "..\Makeup.Data\Makeup.Data.csproj", "{D61EEE93-4628-41C2-8FF4-C72A84F87D4E}"
EndProject
Project("{9A19103F-16F7-4668-BE54-9A1E7A4F7556}") = "Makeup.Services", "..\Makeup.Services\Makeup.Services.csproj", "{64435CCE-C10E-447A-8936-DAE2F6E4532B}"
EndProject
Project("{FAE04EC0-301F-11D3-BF4B-00C04F79EFBC}") = "Makeup.API", "..\Makeup.API\Makeup.API.csproj", "{F8F8E4B7-1F28-4020-90AE-A96578A12EC8}"
EndProject
Global
	GlobalSection(SolutionConfigurationPlatforms) = preSolution
		Debug|Any CPU = Debug|Any CPU
		Release|Any CPU = Release|Any CPU
	EndGlobalSection
	GlobalSection(ProjectConfigurationPlatforms) = postSolution
		{A259999A-DE1D-453E-AC14-E559B6184856}.Debug|Any CPU.ActiveCfg = Debug|Any CPU
		{A259999A-DE1D-453E-AC14-E559B6184856}.Debug|Any CPU.Build.0 = Debug|Any CPU
		{A259999A-DE1D-453E-AC14-E559B6184856}.Release|Any CPU.ActiveCfg = Release|Any CPU
		{A259999A-DE1D-453E-AC14-E559B6184856}.Release|Any CPU.Build.0 = Release|Any CPU
		{27EADFCD-47FB-4695-8D76-C047330BA386}.Debug|Any CPU.ActiveCfg = Debug|Any CPU
		{27EADFCD-47FB-4695-8D76-C047330BA386}.Debug|Any CPU.Build.0 = Debug|Any CPU
		{27EADFCD-47FB-4695-8D76-C047330BA386}.Release|Any CPU.ActiveCfg = Release|Any CPU
		{27EADFCD-47FB-4695-8D76-C047330BA386}.Release|Any CPU.Build.0 = Release|Any CPU
		{D61EEE93-4628-41C2-8FF4-C72A84F87D4E}.Debug|Any CPU.ActiveCfg = Debug|Any CPU
		{D61EEE93-4628-41C2-8FF4-C72A84F87D4E}.Debug|Any CPU.Build.0 = Debug|Any CPU
		{D61EEE93-4628-41C2-8FF4-C72A84F87D4E}.Release|Any CPU.ActiveCfg = Release|Any CPU
		{D61EEE93-4628-41C2-8FF4-C72A84F87D4E}.Release|Any CPU.Build.0 = Release|Any CPU
		{64435CCE-C10E-447A-8936-DAE2F6E4532B}.Debug|Any CPU.ActiveCfg = Debug|Any CPU
		{64435CCE-C10E-447A-8936-DAE2F6E4532B}.Debug|Any CPU.Build.0 = Debug|Any CPU
		{64435CCE-C10E-447A-8936-DAE2F6E4532B}.Release|Any CPU.ActiveCfg = Release|Any CPU
		{64435CCE-C10E-447A-8936-DAE2F6E4532B}.Release|Any CPU.Build.0 = Release|Any CPU
		{F8F8E4B7-1F28-4020-90AE-A96578A12EC8}.Debug|Any CPU.ActiveCfg = Debug|Any CPU
		{F8F8E4B7-1F28-4020-90AE-A96578A12EC8}.Debug|Any CPU.Build.0 = Debug|Any CPU
		{F8F8E4B7-1F28-4020-90AE-A96578A12EC8}.Release|Any CPU.ActiveCfg = Release|Any CPU
		{F8F8E4B7-1F28-4020-90AE-A96578A12EC8}.Release|Any CPU.Build.0 = Release|Any CPU
	EndGlobalSection
	GlobalSection(SolutionProperties) = preSolution
		HideSolutionNode = FALSE
	EndGlobalSection
	GlobalSection(ExtensibilityGlobals) = postSolution
		SolutionGuid = {383D77C3-4C74-4BF3-B16C-F62885919C1D}
	EndGlobalSection
EndGlobal
